
Microsoft Visual Studio Solution File, Format Version 12.00
# Visual Studio Version 16
VisualStudioVersion = 16.0.30804.86
MinimumVisualStudioVersion = 10.0.40219.1
Project("{9A19103F-16F7-4668-BE54-9A1E7A4F7556}") = "SendsmsWeb", "SendsmsWeb\SendsmsWeb.csproj", "{11435AF7-E7C2-4C97-A6EC-0C9781294638}"
EndProject
Project("{FAE04EC0-301F-11D3-BF4B-00C04F79EFBC}") = "SendsmsWebTests", "SendsmsWebTests\SendsmsWebTests.csproj", "{ADEBD214-2278-4FF3-B086-5EA0D5A42164}"
EndProject
Global
	GlobalSection(SolutionConfigurationPlatforms) = preSolution
		Debug|Any CPU = Debug|Any CPU
		Release|Any CPU = Release|Any CPU
	EndGlobalSection
	GlobalSection(ProjectConfigurationPlatforms) = postSolution
		{11435AF7-E7C2-4C97-A6EC-0C9781294638}.Debug|Any CPU.ActiveCfg = Debug|Any CPU
		{11435AF7-E7C2-4C97-A6EC-0C9781294638}.Debug|Any CPU.Build.0 = Debug|Any CPU
		{11435AF7-E7C2-4C97-A6EC-0C9781294638}.Release|Any CPU.ActiveCfg = Release|Any CPU
		{11435AF7-E7C2-4C97-A6EC-0C9781294638}.Release|Any CPU.Build.0 = Release|Any CPU
		{ADEBD214-2278-4FF3-B086-5EA0D5A42164}.Debug|Any CPU.ActiveCfg = Debug|Any CPU
		{ADEBD214-2278-4FF3-B086-5EA0D5A42164}.Debug|Any CPU.Build.0 = Debug|Any CPU
		{ADEBD214-2278-4FF3-B086-5EA0D5A42164}.Release|Any CPU.ActiveCfg = Release|Any CPU
		{ADEBD214-2278-4FF3-B086-5EA0D5A42164}.Release|Any CPU.Build.0 = Release|Any CPU
	EndGlobalSection
	GlobalSection(SolutionProperties) = preSolution
		HideSolutionNode = FALSE
	EndGlobalSection
	GlobalSection(ExtensibilityGlobals) = postSolution
		SolutionGuid = {3DBA2AEB-B39A-4042-A439-8D496F2A1CA7}
	EndGlobalSection
EndGlobal
